
Microsoft Visual Studio Solution File, Format Version 12.00
# Visual Studio Version 17
VisualStudioVersion = 17.1.32407.343
MinimumVisualStudioVersion = 10.0.40219.1
Project("{FAE04EC0-301F-11D3-BF4B-00C04F79EFBC}") = "Lesson_8_Homework", "Lesson_8_Homework\Lesson_8_Homework.csproj", "{14099123-F2DA-4EC9-92EC-F1103D8D5DCF}"
EndProject
Project("{FAE04EC0-301F-11D3-BF4B-00C04F79EFBC}") = "Lev_helloproj_library", "Lev_helloproj_library\Lev_helloproj_library.csproj", "{C2096B82-CE04-4EAF-87A6-EC5B77FF7667}"
EndProject
Global
	GlobalSection(SolutionConfigurationPlatforms) = preSolution
		Debug|Any CPU = Debug|Any CPU
		Release|Any CPU = Release|Any CPU
	EndGlobalSection
	GlobalSection(ProjectConfigurationPlatforms) = postSolution
		{14099123-F2DA-4EC9-92EC-F1103D8D5DCF}.Debug|Any CPU.ActiveCfg = Debug|Any CPU
		{14099123-F2DA-4EC9-92EC-F1103D8D5DCF}.Debug|Any CPU.Build.0 = Debug|Any CPU
		{14099123-F2DA-4EC9-92EC-F1103D8D5DCF}.Release|Any CPU.ActiveCfg = Release|Any CPU
		{14099123-F2DA-4EC9-92EC-F1103D8D5DCF}.Release|Any CPU.Build.0 = Release|Any CPU
		{C2096B82-CE04-4EAF-87A6-EC5B77FF7667}.Debug|Any CPU.ActiveCfg = Debug|Any CPU
		{C2096B82-CE04-4EAF-87A6-EC5B77FF7667}.Debug|Any CPU.Build.0 = Debug|Any CPU
		{C2096B82-CE04-4EAF-87A6-EC5B77FF7667}.Release|Any CPU.ActiveCfg = Release|Any CPU
		{C2096B82-CE04-4EAF-87A6-EC5B77FF7667}.Release|Any CPU.Build.0 = Release|Any CPU
	EndGlobalSection
	GlobalSection(SolutionProperties) = preSolution
		HideSolutionNode = FALSE
	EndGlobalSection
	GlobalSection(ExtensibilityGlobals) = postSolution
		SolutionGuid = {F5B455AD-C88A-490A-8A6C-400079AD09AE}
	EndGlobalSection
EndGlobal
